
Microsoft Visual Studio Solution File, Format Version 12.00
Project("{FAE04EC0-301F-11D3-BF4B-00C04F79EFBC}") = "TwitterClone.Domain", "TwitterClone.Domain\TwitterClone.Domain.csproj", "{261D6A3C-69D2-4C0F-9F17-22DB25D4DEB9}"
EndProject
Project("{FAE04EC0-301F-11D3-BF4B-00C04F79EFBC}") = "Twitter.Test", "Twitter.Test\Twitter.Test.csproj", "{84F4D7D5-3158-40FA-BF2B-7F2BCC1CB0DD}"
EndProject
Global
	GlobalSection(SolutionConfigurationPlatforms) = preSolution
		Debug|Any CPU = Debug|Any CPU
		Release|Any CPU = Release|Any CPU
	EndGlobalSection
	GlobalSection(ProjectConfigurationPlatforms) = postSolution
		{261D6A3C-69D2-4C0F-9F17-22DB25D4DEB9}.Debug|Any CPU.ActiveCfg = Debug|Any CPU
		{261D6A3C-69D2-4C0F-9F17-22DB25D4DEB9}.Debug|Any CPU.Build.0 = Debug|Any CPU
		{261D6A3C-69D2-4C0F-9F17-22DB25D4DEB9}.Release|Any CPU.ActiveCfg = Release|Any CPU
		{261D6A3C-69D2-4C0F-9F17-22DB25D4DEB9}.Release|Any CPU.Build.0 = Release|Any CPU
		{84F4D7D5-3158-40FA-BF2B-7F2BCC1CB0DD}.Debug|Any CPU.ActiveCfg = Debug|Any CPU
		{84F4D7D5-3158-40FA-BF2B-7F2BCC1CB0DD}.Debug|Any CPU.Build.0 = Debug|Any CPU
		{84F4D7D5-3158-40FA-BF2B-7F2BCC1CB0DD}.Release|Any CPU.ActiveCfg = Release|Any CPU
		{84F4D7D5-3158-40FA-BF2B-7F2BCC1CB0DD}.Release|Any CPU.Build.0 = Release|Any CPU
	EndGlobalSection
EndGlobal
